
Microsoft Visual Studio Solution File, Format Version 12.00
# Visual Studio 15
VisualStudioVersion = 15.0.28307.757
MinimumVisualStudioVersion = 10.0.40219.1
Project("{FAE04EC0-301F-11D3-BF4B-00C04F79EFBC}") = "FileManagementDev", "FileManagementDev\FileManagementDev.csproj", "{854EB614-DDAC-4A4B-95C9-2D9714D82825}"
EndProject
Global
	GlobalSection(SolutionConfigurationPlatforms) = preSolution
		Debug|Any CPU = Debug|Any CPU
		Release|Any CPU = Release|Any CPU
	EndGlobalSection
	GlobalSection(ProjectConfigurationPlatforms) = postSolution
		{854EB614-DDAC-4A4B-95C9-2D9714D82825}.Debug|Any CPU.ActiveCfg = Debug|Any CPU
		{854EB614-DDAC-4A4B-95C9-2D9714D82825}.Debug|Any CPU.Build.0 = Debug|Any CPU
		{854EB614-DDAC-4A4B-95C9-2D9714D82825}.Release|Any CPU.ActiveCfg = Release|Any CPU
		{854EB614-DDAC-4A4B-95C9-2D9714D82825}.Release|Any CPU.Build.0 = Release|Any CPU
	EndGlobalSection
	GlobalSection(SolutionProperties) = preSolution
		HideSolutionNode = FALSE
	EndGlobalSection
	GlobalSection(ExtensibilityGlobals) = postSolution
		SolutionGuid = {C6CDACFA-0D1C-4029-94AD-8E61B4BD7D9B}
	EndGlobalSection
EndGlobal
